PODS:
  - AFNetworking (3.1.0):
    - AFNetworking/NSURLSession (= 3.1.0)
    - AFNetworking/Reachability (= 3.1.0)
    - AFNetworking/Security (= 3.1.0)
    - AFNetworking/Serialization (= 3.1.0)
    - AFNetworking/UIKit (= 3.1.0)
  - AFNetworking/NSURLSession (3.1.0):
    - AFNetworking/Reachability
    - AFNetworking/Security
    - AFNetworking/Serialization
  - AFNetworking/Reachability (3.1.0)
  - AFNetworking/Security (3.1.0)
  - AFNetworking/Serialization (3.1.0)
  - AFNetworking/UIKit (3.1.0):
    - AFNetworking/NSURLSession
  - Kiwi (2.4.0)
  - TLProgressSpring (1.0.1):
    - AFNetworking

DEPENDENCIES:
  - AFNetworking
  - Kiwi
  - TLProgressSpring (from `../`)

EXTERNAL SOURCES:
  TLProgressSpring:
    :path: ../

SPEC CHECKSUMS:
  AFNetworking: 5e0e199f73d8626b11e79750991f5d173d1f8b67
  Kiwi: f49c9d54b28917df5928fe44968a39ed198cb8a8
  TLProgressSpring: 02c45f81b6a4ff1e1c81fb44983da91e06b9d249

COCOAPODS: 0.39.0
